
Microsoft Visual Studio Solution File, Format Version 12.00
# Visual Studio 15
VisualStudioVersion = 15.0.27703.2035
MinimumVisualStudioVersion = 10.0.40219.1
Project("{FAE04EC0-301F-11D3-BF4B-00C04F79EFBC}") = "Cognizant_ReactJS", "Cognizant_ReactJS\Cognizant_ReactJS.csproj", "{0863E19B-68DB-43AF-A307-1CBA45B09D0D}"
EndProject
Global
	GlobalSection(SolutionConfigurationPlatforms) = preSolution
		Debug|Any CPU = Debug|Any CPU
		Release|Any CPU = Release|Any CPU
	EndGlobalSection
	GlobalSection(ProjectConfigurationPlatforms) = postSolution
		{0863E19B-68DB-43AF-A307-1CBA45B09D0D}.Debug|Any CPU.ActiveCfg = Debug|Any CPU
		{0863E19B-68DB-43AF-A307-1CBA45B09D0D}.Debug|Any CPU.Build.0 = Debug|Any CPU
		{0863E19B-68DB-43AF-A307-1CBA45B09D0D}.Release|Any CPU.ActiveCfg = Release|Any CPU
		{0863E19B-68DB-43AF-A307-1CBA45B09D0D}.Release|Any CPU.Build.0 = Release|Any CPU
	EndGlobalSection
	GlobalSection(SolutionProperties) = preSolution
		HideSolutionNode = FALSE
	EndGlobalSection
	GlobalSection(ExtensibilityGlobals) = postSolution
		SolutionGuid = {4781C14B-595C-4C07-AF18-47E110F45EC8}
	EndGlobalSection
EndGlobal
